
Microsoft Visual Studio Solution File, Format Version 12.00
# Visual Studio Version 17
VisualStudioVersion = 17.14.37012.4 d17.14
MinimumVisualStudioVersion = 10.0.40219.1
Project("{FAE04EC0-301F-11D3-BF4B-00C04F79EFBC}") = "WPFRepoTest", "WPFRepoTest\WPFRepoTest.csproj", "{0698F767-F870-4692-AC6A-BFD84B793206}"
EndProject
Global
	GlobalSection(SolutionConfigurationPlatforms) = preSolution
		Debug|Any CPU = Debug|Any CPU
		Release|Any CPU = Release|Any CPU
	EndGlobalSection
	GlobalSection(ProjectConfigurationPlatforms) = postSolution
		{0698F767-F870-4692-AC6A-BFD84B793206}.Debug|Any CPU.ActiveCfg = Debug|Any CPU
		{0698F767-F870-4692-AC6A-BFD84B793206}.Debug|Any CPU.Build.0 = Debug|Any CPU
		{0698F767-F870-4692-AC6A-BFD84B793206}.Release|Any CPU.ActiveCfg = Release|Any CPU
		{0698F767-F870-4692-AC6A-BFD84B793206}.Release|Any CPU.Build.0 = Release|Any CPU
	EndGlobalSection
	GlobalSection(SolutionProperties) = preSolution
		HideSolutionNode = FALSE
	EndGlobalSection
	GlobalSection(ExtensibilityGlobals) = postSolution
		SolutionGuid = {DF362943-3450-4699-8337-7E644C5A5975}
	EndGlobalSection
EndGlobal
